
Microsoft Visual Studio Solution File, Format Version 12.00
# Visual Studio Version 17
VisualStudioVersion = 17.2.32526.322
MinimumVisualStudioVersion = 10.0.40219.1
Project("{FAE04EC0-301F-11D3-BF4B-00C04F79EFBC}") = "tic_tac_toe", "tic_tac_toe.csproj", "{BA48249D-4256-414E-8A20-D212B5D1F3BD}"
EndProject
Global
	GlobalSection(SolutionConfigurationPlatforms) = preSolution
		Debug|Any CPU = Debug|Any CPU
		Release|Any CPU = Release|Any CPU
	EndGlobalSection
	GlobalSection(ProjectConfigurationPlatforms) = postSolution
		{BA48249D-4256-414E-8A20-D212B5D1F3BD}.Debug|Any CPU.ActiveCfg = Debug|Any CPU
		{BA48249D-4256-414E-8A20-D212B5D1F3BD}.Debug|Any CPU.Build.0 = Debug|Any CPU
		{BA48249D-4256-414E-8A20-D212B5D1F3BD}.Release|Any CPU.ActiveCfg = Release|Any CPU
		{BA48249D-4256-414E-8A20-D212B5D1F3BD}.Release|Any CPU.Build.0 = Release|Any CPU
	EndGlobalSection
	GlobalSection(SolutionProperties) = preSolution
		HideSolutionNode = FALSE
	EndGlobalSection
	GlobalSection(ExtensibilityGlobals) = postSolution
		SolutionGuid = {86C8811D-EDC6-46DB-9ECD-BB6249C6E9C2}
	EndGlobalSection
EndGlobal
